// !$*UTF8*$!
{
	archiveVersion = 1;
	classes = {
	};
	objectVersion = 51;
	objects = {

/* Begin PBXBuildFile section */
		C94C81D426331AC317FD7EB2 /* Pods_ChatAppTests.framework in Frameworks */ = {isa = PBXBuildFile; fileRef = F044600101DBD168BAB86B2E /* Pods_ChatAppTests.framework */; };
		DEFB00E44B78462B7FEB0560 /* Pods_ChatApp.framework in Frameworks */ = {isa = PBXBuildFile; fileRef = 6B21DF3C842C6C2AC682854B /* Pods_ChatApp.framework */; };
		F38D24462EFE871CF8D49282 /* Pods_ChatApp_ChatAppUITests.framework in Frameworks */ = {isa = PBXBuildFile; fileRef = 4A7C542F3FCC9E3266F831CF /* Pods_ChatApp_ChatAppUITests.framework */; };
		F95D6A4125BFC98900D3906A /* SignUpViewController.swift in Sources */ = {isa = PBXBuildFile; fileRef = F95D6A4025BFC98900D3906A /* SignUpViewController.swift */; };
		F95D6AB825BFEC3C00D3906A /* DefaultTextField.swift in Sources */ = {isa = PBXBuildFile; fileRef = F95D6AB725BFEC3C00D3906A /* DefaultTextField.swift */; };
		F95D6ACE25C007FD00D3906A /* PrimaryButton.swift in Sources */ = {isa = PBXBuildFile; fileRef = F95D6ACD25C007FD00D3906A /* PrimaryButton.swift */; };
		F95D6ADB25C00DE900D3906A /* SecondaryButton.swift in Sources */ = {isa = PBXBuildFile; fileRef = F95D6ADA25C00DE900D3906A /* SecondaryButton.swift */; };
		F95D6AEF25C015B100D3906A /* BDString.swift in Sources */ = {isa = PBXBuildFile; fileRef = F95D6AEE25C015B100D3906A /* BDString.swift */; };
		F9CF73BD25BEBE40007F38F5 /* AppDelegate.swift in Sources */ = {isa = PBXBuildFile; fileRef = F9CF73BC25BEBE40007F38F5 /* AppDelegate.swift */; };
		F9CF73BF25BEBE40007F38F5 /* SceneDelegate.swift in Sources */ = {isa = PBXBuildFile; fileRef = F9CF73BE25BEBE40007F38F5 /* SceneDelegate.swift */; };
		F9CF73C625BEBE41007F38F5 /* Assets.xcassets in Resources */ = {isa = PBXBuildFile; fileRef = F9CF73C525BEBE41007F38F5 /* Assets.xcassets */; };
		F9CF73C925BEBE41007F38F5 /* LaunchScreen.storyboard in Resources */ = {isa = PBXBuildFile; fileRef = F9CF73C725BEBE41007F38F5 /* LaunchScreen.storyboard */; };
		F9CF73D425BEBE41007F38F5 /* ChatAppTests.swift in Sources */ = {isa = PBXBuildFile; fileRef = F9CF73D325BEBE41007F38F5 /* ChatAppTests.swift */; };
		F9CF73DF25BEBE41007F38F5 /* ChatAppUITests.swift in Sources */ = {isa = PBXBuildFile; fileRef = F9CF73DE25BEBE41007F38F5 /* ChatAppUITests.swift */; };
		F9CF73FC25BEBF51007F38F5 /* JanusViewController.swift in Sources */ = {isa = PBXBuildFile; fileRef = F9CF73FB25BEBF51007F38F5 /* JanusViewController.swift */; };
		F9CF741D25BECB88007F38F5 /* GoogleService-Info.plist in Resources */ = {isa = PBXBuildFile; fileRef = F9CF741C25BECB88007F38F5 /* GoogleService-Info.plist */; };
		F9CF741E25BECB88007F38F5 /* GoogleService-Info.plist in Resources */ = {isa = PBXBuildFile; fileRef = F9CF741C25BECB88007F38F5 /* GoogleService-Info.plist */; };
		F9CF741F25BECB88007F38F5 /* GoogleService-Info.plist in Resources */ = {isa = PBXBuildFile; fileRef = F9CF741C25BECB88007F38F5 /* GoogleService-Info.plist */; };
		F9CF749025BED80A007F38F5 /* SignUpForm.swift in Sources */ = {isa = PBXBuildFile; fileRef = F9CF748F25BED80A007F38F5 /* SignUpForm.swift */; };
/* End PBXBuildFile section */

/* Begin PBXContainerItemProxy section */
		F9CF73D025BEBE41007F38F5 /* PBXContainerItemProxy */ = {
			isa = PBXContainerItemProxy;
			containerPortal = F9CF73B125BEBE3F007F38F5 /* Project object */;
			proxyType = 1;
			remoteGlobalIDString = F9CF73B825BEBE40007F38F5;
			remoteInfo = ChatApp;
		};
		F9CF73DB25BEBE41007F38F5 /* PBXContainerItemProxy */ = {
			isa = PBXContainerItemProxy;
			containerPortal = F9CF73B125BEBE3F007F38F5 /* Project object */;
			proxyType = 1;
			remoteGlobalIDString = F9CF73B825BEBE40007F38F5;
			remoteInfo = ChatApp;
		};
/* End PBXContainerItemProxy section */

/* Begin PBXFileReference section */
		46F7E64414DAAF3A4F6736E9 /* Pods-ChatAppTests.debug.xcconfig */ = {isa = PBXFileReference; includeInIndex = 1; lastKnownFileType = text.xcconfig; name = "Pods-ChatAppTests.debug.xcconfig"; path = "Target Support Files/Pods-ChatAppTests/Pods-ChatAppTests.debug.xcconfig"; sourceTree = "<group>"; };
		4A7C542F3FCC9E3266F831CF /* Pods_ChatApp_ChatAppUITests.framework */ = {isa = PBXFileReference; explicitFileType = wrapper.framework; includeInIndex = 0; path = Pods_ChatApp_ChatAppUITests.framework; sourceTree = BUILT_PRODUCTS_DIR; };
		5CB8D7AF70F71AA5EEB103AE /* Pods-ChatApp-ChatAppUITests.release.xcconfig */ = {isa = PBXFileReference; includeInIndex = 1; lastKnownFileType = text.xcconfig; name = "Pods-ChatApp-ChatAppUITests.release.xcconfig"; path = "Target Support Files/Pods-ChatApp-ChatAppUITests/Pods-ChatApp-ChatAppUITests.release.xcconfig"; sourceTree = "<group>"; };
		64C3DF79D473C7990B61D79C /* Pods-ChatApp-ChatAppUITests.debug.xcconfig */ = {isa = PBXFileReference; includeInIndex = 1; lastKnownFileType = text.xcconfig; name = "Pods-ChatApp-ChatAppUITests.debug.xcconfig"; path = "Target Support Files/Pods-ChatApp-ChatAppUITests/Pods-ChatApp-ChatAppUITests.debug.xcconfig"; sourceTree = "<group>"; };
		6B21DF3C842C6C2AC682854B /* Pods_ChatApp.framework */ = {isa = PBXFileReference; explicitFileType = wrapper.framework; includeInIndex = 0; path = Pods_ChatApp.framework; sourceTree = BUILT_PRODUCTS_DIR; };
		6DEF81046D13A1A345BEB2D5 /* Pods-ChatApp.release.xcconfig */ = {isa = PBXFileReference; includeInIndex = 1; lastKnownFileType = text.xcconfig; name = "Pods-ChatApp.release.xcconfig"; path = "Target Support Files/Pods-ChatApp/Pods-ChatApp.release.xcconfig"; sourceTree = "<group>"; };
		A725D6FFD8DD31B90D1B0A0D /* Pods-ChatAppTests.release.xcconfig */ = {isa = PBXFileReference; includeInIndex = 1; lastKnownFileType = text.xcconfig; name = "Pods-ChatAppTests.release.xcconfig"; path = "Target Support Files/Pods-ChatAppTests/Pods-ChatAppTests.release.xcconfig"; sourceTree = "<group>"; };
		F044600101DBD168BAB86B2E /* Pods_ChatAppTests.framework */ = {isa = PBXFileReference; explicitFileType = wrapper.framework; includeInIndex = 0; path = Pods_ChatAppTests.framework; sourceTree = BUILT_PRODUCTS_DIR; };
		F538D51AA95F3565C1804DAD /* Pods-ChatApp.debug.xcconfig */ = {isa = PBXFileReference; includeInIndex = 1; lastKnownFileType = text.xcconfig; name = "Pods-ChatApp.debug.xcconfig"; path = "Target Support Files/Pods-ChatApp/Pods-ChatApp.debug.xcconfig"; sourceTree = "<group>"; };
		F95D6A4025BFC98900D3906A /* SignUpViewController.swift */ = {isa = PBXFileReference; lastKnownFileType = sourcecode.swift; path = SignUpViewController.swift; sourceTree = "<group>"; };
		F95D6AB725BFEC3C00D3906A /* DefaultTextField.swift */ = {isa = PBXFileReference; lastKnownFileType = sourcecode.swift; path = DefaultTextField.swift; sourceTree = "<group>"; };
		F95D6ACD25C007FD00D3906A /* PrimaryButton.swift */ = {isa = PBXFileReference; lastKnownFileType = sourcecode.swift; path = PrimaryButton.swift; sourceTree = "<group>"; };
		F95D6ADA25C00DE900D3906A /* SecondaryButton.swift */ = {isa = PBXFileReference; lastKnownFileType = sourcecode.swift; path = SecondaryButton.swift; sourceTree = "<group>"; };
		F95D6AEE25C015B100D3906A /* BDString.swift */ = {isa = PBXFileReference; lastKnownFileType = sourcecode.swift; path = BDString.swift; sourceTree = "<group>"; };
		F9CF73B925BEBE40007F38F5 /* ChatApp.app */ = {isa = PBXFileReference; explicitFileType = wrapper.application; includeInIndex = 0; path = ChatApp.app; sourceTree = BUILT_PRODUCTS_DIR; };
		F9CF73BC25BEBE40007F38F5 /* AppDelegate.swift */ = {isa = PBXFileReference; lastKnownFileType = sourcecode.swift; path = AppDelegate.swift; sourceTree = "<group>"; };
		F9CF73BE25BEBE40007F38F5 /* SceneDelegate.swift */ = {isa = PBXFileReference; lastKnownFileType = sourcecode.swift; path = SceneDelegate.swift; sourceTree = "<group>"; };
		F9CF73C525BEBE41007F38F5 /* Assets.xcassets */ = {isa = PBXFileReference; lastKnownFileType = folder.assetcatalog; path = Assets.xcassets; sourceTree = "<group>"; };
		F9CF73C825BEBE41007F38F5 /* Base */ = {isa = PBXFileReference; lastKnownFileType = file.storyboard; name = Base; path = Base.lproj/LaunchScreen.storyboard; sourceTree = "<group>"; };
		F9CF73CA25BEBE41007F38F5 /* Info.plist */ = {isa = PBXFileReference; lastKnownFileType = text.plist.xml; path = Info.plist; sourceTree = "<group>"; };
		F9CF73CF25BEBE41007F38F5 /* ChatAppTests.xctest */ = {isa = PBXFileReference; explicitFileType = wrapper.cfbundle; includeInIndex = 0; path = ChatAppTests.xctest; sourceTree = BUILT_PRODUCTS_DIR; };
		F9CF73D325BEBE41007F38F5 /* ChatAppTests.swift */ = {isa = PBXFileReference; lastKnownFileType = sourcecode.swift; path = ChatAppTests.swift; sourceTree = "<group>"; };
		F9CF73D525BEBE41007F38F5 /* Info.plist */ = {isa = PBXFileReference; lastKnownFileType = text.plist.xml; path = Info.plist; sourceTree = "<group>"; };
		F9CF73DA25BEBE41007F38F5 /* ChatAppUITests.xctest */ = {isa = PBXFileReference; explicitFileType = wrapper.cfbundle; includeInIndex = 0; path = ChatAppUITests.xctest; sourceTree = BUILT_PRODUCTS_DIR; };
		F9CF73DE25BEBE41007F38F5 /* ChatAppUITests.swift */ = {isa = PBXFileReference; lastKnownFileType = sourcecode.swift; path = ChatAppUITests.swift; sourceTree = "<group>"; };
		F9CF73E025BEBE41007F38F5 /* Info.plist */ = {isa = PBXFileReference; lastKnownFileType = text.plist.xml; path = Info.plist; sourceTree = "<group>"; };
		F9CF73FB25BEBF51007F38F5 /* JanusViewController.swift */ = {isa = PBXFileReference; lastKnownFileType = sourcecode.swift; path = JanusViewController.swift; sourceTree = "<group>"; };
		F9CF741C25BECB88007F38F5 /* GoogleService-Info.plist */ = {isa = PBXFileReference; fileEncoding = 4; lastKnownFileType = text.plist.xml; name = "GoogleService-Info.plist"; path = "../../../Desktop/Google Services JSON/ChatApp/GoogleService-Info.plist"; sourceTree = "<group>"; };
		F9CF748F25BED80A007F38F5 /* SignUpForm.swift */ = {isa = PBXFileReference; lastKnownFileType = sourcecode.swift; path = SignUpForm.swift; sourceTree = "<group>"; };
/* End PBXFileReference section */

/* Begin PBXFrameworksBuildPhase section */
		F9CF73B625BEBE40007F38F5 /* Frameworks */ = {
			isa = PBXFrameworksBuildPhase;
			buildActionMask = 2147483647;
			files = (
				DEFB00E44B78462B7FEB0560 /* Pods_ChatApp.framework in Frameworks */,
			);
			runOnlyForDeploymentPostprocessing = 0;
		};
		F9CF73CC25BEBE41007F38F5 /* Frameworks */ = {
			isa = PBXFrameworksBuildPhase;
			buildActionMask = 2147483647;
			files = (
				C94C81D426331AC317FD7EB2 /* Pods_ChatAppTests.framework in Frameworks */,
			);
			runOnlyForDeploymentPostprocessing = 0;
		};
		F9CF73D725BEBE41007F38F5 /* Frameworks */ = {
			isa = PBXFrameworksBuildPhase;
			buildActionMask = 2147483647;
			files = (
				F38D24462EFE871CF8D49282 /* Pods_ChatApp_ChatAppUITests.framework in Frameworks */,
			);
			runOnlyForDeploymentPostprocessing = 0;
		};
/* End PBXFrameworksBuildPhase section */

/* Begin PBXGroup section */
		6EFE207A55BEB94753FF6A70 /* Pods */ = {
			isa = PBXGroup;
			children = (
				F538D51AA95F3565C1804DAD /* Pods-ChatApp.debug.xcconfig */,
				6DEF81046D13A1A345BEB2D5 /* Pods-ChatApp.release.xcconfig */,
				64C3DF79D473C7990B61D79C /* Pods-ChatApp-ChatAppUITests.debug.xcconfig */,
				5CB8D7AF70F71AA5EEB103AE /* Pods-ChatApp-ChatAppUITests.release.xcconfig */,
				46F7E64414DAAF3A4F6736E9 /* Pods-ChatAppTests.debug.xcconfig */,
				A725D6FFD8DD31B90D1B0A0D /* Pods-ChatAppTests.release.xcconfig */,
			);
			path = Pods;
			sourceTree = "<group>";
		};
		7DB1882F31A7DFEFC09DC4AA /* Frameworks */ = {
			isa = PBXGroup;
			children = (
				6B21DF3C842C6C2AC682854B /* Pods_ChatApp.framework */,
				4A7C542F3FCC9E3266F831CF /* Pods_ChatApp_ChatAppUITests.framework */,
				F044600101DBD168BAB86B2E /* Pods_ChatAppTests.framework */,
			);
			name = Frameworks;
			sourceTree = "<group>";
		};
		F95D6AB625BFEC1800D3906A /* common */ = {
			isa = PBXGroup;
			children = (
				F95D6AB725BFEC3C00D3906A /* DefaultTextField.swift */,
				F95D6ACD25C007FD00D3906A /* PrimaryButton.swift */,
				F95D6ADA25C00DE900D3906A /* SecondaryButton.swift */,
			);
			path = common;
			sourceTree = "<group>";
		};
		F95D6AE225C0154700D3906A /* resources */ = {
			isa = PBXGroup;
			children = (
				F95D6AED25C0159E00D3906A /* values */,
			);
			path = resources;
			sourceTree = "<group>";
		};
		F95D6AED25C0159E00D3906A /* values */ = {
			isa = PBXGroup;
			children = (
				F95D6AEE25C015B100D3906A /* BDString.swift */,
			);
			path = values;
			sourceTree = "<group>";
		};
		F9CF73B025BEBE3F007F38F5 = {
			isa = PBXGroup;
			children = (
				F9CF73BB25BEBE40007F38F5 /* ChatApp */,
				F9CF73D225BEBE41007F38F5 /* ChatAppTests */,
				F9CF73DD25BEBE41007F38F5 /* ChatAppUITests */,
				F9CF73BA25BEBE40007F38F5 /* Products */,
				6EFE207A55BEB94753FF6A70 /* Pods */,
				7DB1882F31A7DFEFC09DC4AA /* Frameworks */,
			);
			sourceTree = "<group>";
		};
		F9CF73BA25BEBE40007F38F5 /* Products */ = {
			isa = PBXGroup;
			children = (
				F9CF73B925BEBE40007F38F5 /* ChatApp.app */,
				F9CF73CF25BEBE41007F38F5 /* ChatAppTests.xctest */,
				F9CF73DA25BEBE41007F38F5 /* ChatAppUITests.xctest */,
			);
			name = Products;
			sourceTree = "<group>";
		};
		F9CF73BB25BEBE40007F38F5 /* ChatApp */ = {
			isa = PBXGroup;
			children = (
				F95D6AE225C0154700D3906A /* resources */,
				F9CF748325BED1D7007F38F5 /* ui */,
				F9CF741C25BECB88007F38F5 /* GoogleService-Info.plist */,
				F9CF73BC25BEBE40007F38F5 /* AppDelegate.swift */,
				F9CF73BE25BEBE40007F38F5 /* SceneDelegate.swift */,
				F9CF73C525BEBE41007F38F5 /* Assets.xcassets */,
				F9CF73C725BEBE41007F38F5 /* LaunchScreen.storyboard */,
				F9CF73CA25BEBE41007F38F5 /* Info.plist */,
				F9CF73FB25BEBF51007F38F5 /* JanusViewController.swift */,
			);
			path = ChatApp;
			sourceTree = "<group>";
		};
		F9CF73D225BEBE41007F38F5 /* ChatAppTests */ = {
			isa = PBXGroup;
			children = (
				F9CF73D325BEBE41007F38F5 /* ChatAppTests.swift */,
				F9CF73D525BEBE41007F38F5 /* Info.plist */,
			);
			path = ChatAppTests;
			sourceTree = "<group>";
		};
		F9CF73DD25BEBE41007F38F5 /* ChatAppUITests */ = {
			isa = PBXGroup;
			children = (
				F9CF73DE25BEBE41007F38F5 /* ChatAppUITests.swift */,
				F9CF73E025BEBE41007F38F5 /* Info.plist */,
			);
			path = ChatAppUITests;
			sourceTree = "<group>";
		};
		F9CF748325BED1D7007F38F5 /* ui */ = {
			isa = PBXGroup;
			children = (
				F95D6AB625BFEC1800D3906A /* common */,
				F9CF748425BED1DF007F38F5 /* signup */,
			);
			path = ui;
			sourceTree = "<group>";
		};
		F9CF748425BED1DF007F38F5 /* signup */ = {
			isa = PBXGroup;
			children = (
				F9CF748F25BED80A007F38F5 /* SignUpForm.swift */,
				F95D6A4025BFC98900D3906A /* SignUpViewController.swift */,
			);
			path = signup;
			sourceTree = "<group>";
		};
/* End PBXGroup section */

/* Begin PBXNativeTarget section */
		F9CF73B825BEBE40007F38F5 /* ChatApp */ = {
			isa = PBXNativeTarget;
			buildConfigurationList = F9CF73E325BEBE41007F38F5 /* Build configuration list for PBXNativeTarget "ChatApp" */;
			buildPhases = (
				B4E03B374AE844554E3E9DC3 /* [CP] Check Pods Manifest.lock */,
				F9CF73B525BEBE40007F38F5 /* Sources */,
				F9CF73B625BEBE40007F38F5 /* Frameworks */,
				F9CF73B725BEBE40007F38F5 /* Resources */,
				E80B895FCC5D91DC43B18C55 /* [CP] Embed Pods Frameworks */,
			);
			buildRules = (
			);
			dependencies = (
			);
			name = ChatApp;
			productName = ChatApp;
			productReference = F9CF73B925BEBE40007F38F5 /* ChatApp.app */;
			productType = "com.apple.product-type.application";
		};
		F9CF73CE25BEBE41007F38F5 /* ChatAppTests */ = {
			isa = PBXNativeTarget;
			buildConfigurationList = F9CF73E625BEBE41007F38F5 /* Build configuration list for PBXNativeTarget "ChatAppTests" */;
			buildPhases = (
				8804CEA722A5AB6941B343A1 /* [CP] Check Pods Manifest.lock */,
				F9CF73CB25BEBE41007F38F5 /* Sources */,
				F9CF73CC25BEBE41007F38F5 /* Frameworks */,
				F9CF73CD25BEBE41007F38F5 /* Resources */,
			);
			buildRules = (
			);
			dependencies = (
				F9CF73D125BEBE41007F38F5 /* PBXTargetDependency */,
			);
			name = ChatAppTests;
			productName = ChatAppTests;
			productReference = F9CF73CF25BEBE41007F38F5 /* ChatAppTests.xctest */;
			productType = "com.apple.product-type.bundle.unit-test";
		};
		F9CF73D925BEBE41007F38F5 /* ChatAppUITests */ = {
			isa = PBXNativeTarget;
			buildConfigurationList = F9CF73E925BEBE41007F38F5 /* Build configuration list for PBXNativeTarget "ChatAppUITests" */;
			buildPhases = (
				BB76544B320904A158FD55BD /* [CP] Check Pods Manifest.lock */,
				F9CF73D625BEBE41007F38F5 /* Sources */,
				F9CF73D725BEBE41007F38F5 /* Frameworks */,
				F9CF73D825BEBE41007F38F5 /* Resources */,
				95A5A192312520979F1C4552 /* [CP] Embed Pods Frameworks */,
			);
			buildRules = (
			);
			dependencies = (
				F9CF73DC25BEBE41007F38F5 /* PBXTargetDependency */,
			);
			name = ChatAppUITests;
			productName = ChatAppUITests;
			productReference = F9CF73DA25BEBE41007F38F5 /* ChatAppUITests.xctest */;
			productType = "com.apple.product-type.bundle.ui-testing";
		};
/* End PBXNativeTarget section */

/* Begin PBXProject section */
		F9CF73B125BEBE3F007F38F5 /* Project object */ = {
			isa = PBXProject;
			attributes = {
				LastSwiftUpdateCheck = 1230;
				LastUpgradeCheck = 1230;
				TargetAttributes = {
					F9CF73B825BEBE40007F38F5 = {
						CreatedOnToolsVersion = 12.3;
					};
					F9CF73CE25BEBE41007F38F5 = {
						CreatedOnToolsVersion = 12.3;
						TestTargetID = F9CF73B825BEBE40007F38F5;
					};
					F9CF73D925BEBE41007F38F5 = {
						CreatedOnToolsVersion = 12.3;
						TestTargetID = F9CF73B825BEBE40007F38F5;
					};
				};
			};
			buildConfigurationList = F9CF73B425BEBE3F007F38F5 /* Build configuration list for PBXProject "ChatApp" */;
			compatibilityVersion = "Xcode 9.3";
			developmentRegion = en;
			hasScannedForEncodings = 0;
			knownRegions = (
				en,
				Base,
			);
			mainGroup = F9CF73B025BEBE3F007F38F5;
			productRefGroup = F9CF73BA25BEBE40007F38F5 /* Products */;
			projectDirPath = "";
			projectRoot = "";
			targets = (
				F9CF73B825BEBE40007F38F5 /* ChatApp */,
				F9CF73CE25BEBE41007F38F5 /* ChatAppTests */,
				F9CF73D925BEBE41007F38F5 /* ChatAppUITests */,
			);
		};
/* End PBXProject section */

/* Begin PBXResourcesBuildPhase section */
		F9CF73B725BEBE40007F38F5 /* Resources */ = {
			isa = PBXResourcesBuildPhase;
			buildActionMask = 2147483647;
			files = (
				F9CF73C925BEBE41007F38F5 /* LaunchScreen.storyboard in Resources */,
				F9CF73C625BEBE41007F38F5 /* Assets.xcassets in Resources */,
				F9CF741D25BECB88007F38F5 /* GoogleService-Info.plist in Resources */,
			);
			runOnlyForDeploymentPostprocessing = 0;
		};
		F9CF73CD25BEBE41007F38F5 /* Resources */ = {
			isa = PBXResourcesBuildPhase;
			buildActionMask = 2147483647;
			files = (
				F9CF741E25BECB88007F38F5 /* GoogleService-Info.plist in Resources */,
			);
			runOnlyForDeploymentPostprocessing = 0;
		};
		F9CF73D825BEBE41007F38F5 /* Resources */ = {
			isa = PBXResourcesBuildPhase;
			buildActionMask = 2147483647;
			files = (
				F9CF741F25BECB88007F38F5 /* GoogleService-Info.plist in Resources */,
			);
			runOnlyForDeploymentPostprocessing = 0;
		};
/* End PBXResourcesBuildPhase section */

/* Begin PBXShellScriptBuildPhase section */
		8804CEA722A5AB6941B343A1 /* [CP] Check Pods Manifest.lock */ = {
			isa = PBXShellScriptBuildPhase;
			buildActionMask = 2147483647;
			files = (
			);
			inputFileListPaths = (
			);
			inputPaths = (
				"${PODS_PODFILE_DIR_PATH}/Podfile.lock",
				"${PODS_ROOT}/Manifest.lock",
			);
			name = "[CP] Check Pods Manifest.lock";
			outputFileListPaths = (
			);
			outputPaths = (
				"$(DERIVED_FILE_DIR)/Pods-ChatAppTests-checkManifestLockResult.txt",
			);
			runOnlyForDeploymentPostprocessing = 0;
			shellPath = /bin/sh;
			shellScript = "diff \"${PODS_PODFILE_DIR_PATH}/Podfile.lock\" \"${PODS_ROOT}/Manifest.lock\" > /dev/null\nif [ $? != 0 ] ; then\n    # print error to STDERR\n    echo \"error: The sandbox is not in sync with the Podfile.lock. Run 'pod install' or update your CocoaPods installation.\" >&2\n    exit 1\nfi\n# This output is used by Xcode 'outputs' to avoid re-running this script phase.\necho \"SUCCESS\" > \"${SCRIPT_OUTPUT_FILE_0}\"\n";
			showEnvVarsInLog = 0;
		};
		95A5A192312520979F1C4552 /* [CP] Embed Pods Frameworks */ = {
			isa = PBXShellScriptBuildPhase;
			buildActionMask = 2147483647;
			files = (
			);
			inputFileListPaths = (
				"${PODS_ROOT}/Target Support Files/Pods-ChatApp-ChatAppUITests/Pods-ChatApp-ChatAppUITests-frameworks-${CONFIGURATION}-input-files.xcfilelist",
			);
			name = "[CP] Embed Pods Frameworks";
			outputFileListPaths = (
				"${PODS_ROOT}/Target Support Files/Pods-ChatApp-ChatAppUITests/Pods-ChatApp-ChatAppUITests-frameworks-${CONFIGURATION}-output-files.xcfilelist",
			);
			runOnlyForDeploymentPostprocessing = 0;
			shellPath = /bin/sh;
			shellScript = "\"${PODS_ROOT}/Target Support Files/Pods-ChatApp-ChatAppUITests/Pods-ChatApp-ChatAppUITests-frameworks.sh\"\n";
			showEnvVarsInLog = 0;
		};
		B4E03B374AE844554E3E9DC3 /* [CP] Check Pods Manifest.lock */ = {
			isa = PBXShellScriptBuildPhase;
			buildActionMask = 2147483647;
			files = (
			);
			inputFileListPaths = (
			);
			inputPaths = (
				"${PODS_PODFILE_DIR_PATH}/Podfile.lock",
				"${PODS_ROOT}/Manifest.lock",
			);
			name = "[CP] Check Pods Manifest.lock";
			outputFileListPaths = (
			);
			outputPaths = (
				"$(DERIVED_FILE_DIR)/Pods-ChatApp-checkManifestLockResult.txt",
			);
			runOnlyForDeploymentPostprocessing = 0;
			shellPath = /bin/sh;
			shellScript = "diff \"${PODS_PODFILE_DIR_PATH}/Podfile.lock\" \"${PODS_ROOT}/Manifest.lock\" > /dev/null\nif [ $? != 0 ] ; then\n    # print error to STDERR\n    echo \"error: The sandbox is not in sync with the Podfile.lock. Run 'pod install' or update your CocoaPods installation.\" >&2\n    exit 1\nfi\n# This output is used by Xcode 'outputs' to avoid re-running this script phase.\necho \"SUCCESS\" > \"${SCRIPT_OUTPUT_FILE_0}\"\n";
			showEnvVarsInLog = 0;
		};
		BB76544B320904A158FD55BD /* [CP] Check Pods Manifest.lock */ = {
			isa = PBXShellScriptBuildPhase;
			buildActionMask = 2147483647;
			files = (
			);
			inputFileListPaths = (
			);
			inputPaths = (
				"${PODS_PODFILE_DIR_PATH}/Podfile.lock",
				"${PODS_ROOT}/Manifest.lock",
			);
			name = "[CP] Check Pods Manifest.lock";
			outputFileListPaths = (
			);
			outputPaths = (
				"$(DERIVED_FILE_DIR)/Pods-ChatApp-ChatAppUITests-checkManifestLockResult.txt",
			);
			runOnlyForDeploymentPostprocessing = 0;
			shellPath = /bin/sh;
			shellScript = "diff \"${PODS_PODFILE_DIR_PATH}/Podfile.lock\" \"${PODS_ROOT}/Manifest.lock\" > /dev/null\nif [ $? != 0 ] ; then\n    # print error to STDERR\n    echo \"error: The sandbox is not in sync with the Podfile.lock. Run 'pod install' or update your CocoaPods installation.\" >&2\n    exit 1\nfi\n# This output is used by Xcode 'outputs' to avoid re-running this script phase.\necho \"SUCCESS\" > \"${SCRIPT_OUTPUT_FILE_0}\"\n";
			showEnvVarsInLog = 0;
		};
		E80B895FCC5D91DC43B18C55 /* [CP] Embed Pods Frameworks */ = {
			isa = PBXShellScriptBuildPhase;
			buildActionMask = 2147483647;
			files = (
			);
			inputFileListPaths = (
				"${PODS_ROOT}/Target Support Files/Pods-ChatApp/Pods-ChatApp-frameworks-${CONFIGURATION}-input-files.xcfilelist",
			);
			name = "[CP] Embed Pods Frameworks";
			outputFileListPaths = (
				"${PODS_ROOT}/Target Support Files/Pods-ChatApp/Pods-ChatApp-frameworks-${CONFIGURATION}-output-files.xcfilelist",
			);
			runOnlyForDeploymentPostprocessing = 0;
			shellPath = /bin/sh;
			shellScript = "\"${PODS_ROOT}/Target Support Files/Pods-ChatApp/Pods-ChatApp-frameworks.sh\"\n";
			showEnvVarsInLog = 0;
		};
/* End PBXShellScriptBuildPhase section */

/* Begin PBXSourcesBuildPhase section */
		F9CF73B525BEBE40007F38F5 /* Sources */ = {
			isa = PBXSourcesBuildPhase;
			buildActionMask = 2147483647;
			files = (
				F9CF749025BED80A007F38F5 /* SignUpForm.swift in Sources */,
				F95D6AB825BFEC3C00D3906A /* DefaultTextField.swift in Sources */,
				F95D6AEF25C015B100D3906A /* BDString.swift in Sources */,
				F9CF73BD25BEBE40007F38F5 /* AppDelegate.swift in Sources */,
				F9CF73BF25BEBE40007F38F5 /* SceneDelegate.swift in Sources */,
				F95D6ADB25C00DE900D3906A /* SecondaryButton.swift in Sources */,
				F9CF73FC25BEBF51007F38F5 /* JanusViewController.swift in Sources */,
				F95D6A4125BFC98900D3906A /* SignUpViewController.swift in Sources */,
				F95D6ACE25C007FD00D3906A /* PrimaryButton.swift in Sources */,
			);
			runOnlyForDeploymentPostprocessing = 0;
		};
		F9CF73CB25BEBE41007F38F5 /* Sources */ = {
			isa = PBXSourcesBuildPhase;
			buildActionMask = 2147483647;
			files = (
				F9CF73D425BEBE41007F38F5 /* ChatAppTests.swift in Sources */,
			);
			runOnlyForDeploymentPostprocessing = 0;
		};
		F9CF73D625BEBE41007F38F5 /* Sources */ = {
			isa = PBXSourcesBuildPhase;
			buildActionMask = 2147483647;
			files = (
				F9CF73DF25BEBE41007F38F5 /* ChatAppUITests.swift in Sources */,
			);
			runOnlyForDeploymentPostprocessing = 0;
		};
/* End PBXSourcesBuildPhase section */

/* Begin PBXTargetDependency section */
		F9CF73D125BEBE41007F38F5 /* PBXTargetDependency */ = {
			isa = PBXTargetDependency;
			target = F9CF73B825BEBE40007F38F5 /* ChatApp */;
			targetProxy = F9CF73D025BEBE41007F38F5 /* PBXContainerItemProxy */;
		};
		F9CF73DC25BEBE41007F38F5 /* PBXTargetDependency */ = {
			isa = PBXTargetDependency;
			target = F9CF73B825BEBE40007F38F5 /* ChatApp */;
			targetProxy = F9CF73DB25BEBE41007F38F5 /* PBXContainerItemProxy */;
		};
/* End PBXTargetDependency section */

/* Begin PBXVariantGroup section */
		F9CF73C725BEBE41007F38F5 /* LaunchScreen.storyboard */ = {
			isa = PBXVariantGroup;
			children = (
				F9CF73C825BEBE41007F38F5 /* Base */,
			);
			name = LaunchScreen.storyboard;
			sourceTree = "<group>";
		};
/* End PBXVariantGroup section */

/* Begin XCBuildConfiguration section */
		F9CF73E125BEBE41007F38F5 /* Debug */ = {
			isa = XCBuildConfiguration;
			buildSettings = {
				ALWAYS_EMBED_SWIFT_STANDARD_LIBRARIES = "$(inherited)";
				ALWAYS_SEARCH_USER_PATHS = NO;
				CLANG_ANALYZER_NONNULL = YES;
				CLANG_ANALYZER_NUMBER_OBJECT_CONVERSION = YES_AGGRESSIVE;
				CLANG_CXX_LANGUAGE_STANDARD = "gnu++14";
				CLANG_CXX_LIBRARY = "libc++";
				CLANG_ENABLE_MODULES = YES;
				CLANG_ENABLE_OBJC_ARC = YES;
				CLANG_ENABLE_OBJC_WEAK = YES;
				CLANG_WARN_BLOCK_CAPTURE_AUTORELEASING = YES;
				CLANG_WARN_BOOL_CONVERSION = YES;
				CLANG_WARN_COMMA = YES;
				CLANG_WARN_CONSTANT_CONVERSION = YES;
				CLANG_WARN_DEPRECATED_OBJC_IMPLEMENTATIONS = YES;
				CLANG_WARN_DIRECT_OBJC_ISA_USAGE = YES_ERROR;
				CLANG_WARN_DOCUMENTATION_COMMENTS = YES;
				CLANG_WARN_EMPTY_BODY = YES;
				CLANG_WARN_ENUM_CONVERSION = YES;
				CLANG_WARN_INFINITE_RECURSION = YES;
				CLANG_WARN_INT_CONVERSION = YES;
				CLANG_WARN_NON_LITERAL_NULL_CONVERSION = YES;
				CLANG_WARN_OBJC_IMPLICIT_RETAIN_SELF = YES;
				CLANG_WARN_OBJC_LITERAL_CONVERSION = YES;
				CLANG_WARN_OBJC_ROOT_CLASS = YES_ERROR;
				CLANG_WARN_QUOTED_INCLUDE_IN_FRAMEWORK_HEADER = YES;
				CLANG_WARN_RANGE_LOOP_ANALYSIS = YES;
				CLANG_WARN_STRICT_PROTOTYPES = YES;
				CLANG_WARN_SUSPICIOUS_MOVE = YES;
				CLANG_WARN_UNGUARDED_AVAILABILITY = YES_AGGRESSIVE;
				CLANG_WARN_UNREACHABLE_CODE = YES;
				CLANG_WARN__DUPLICATE_METHOD_MATCH = YES;
				COPY_PHASE_STRIP = NO;
				DEBUG_INFORMATION_FORMAT = dwarf;
				ENABLE_STRICT_OBJC_MSGSEND = YES;
				ENABLE_TESTABILITY = YES;
				GCC_C_LANGUAGE_STANDARD = gnu11;
				GCC_DYNAMIC_NO_PIC = NO;
				GCC_NO_COMMON_BLOCKS = YES;
				GCC_OPTIMIZATION_LEVEL = 0;
				GCC_PREPROCESSOR_DEFINITIONS = (
					"DEBUG=1",
					"$(inherited)",
				);
				GCC_WARN_64_TO_32_BIT_CONVERSION = YES;
				GCC_WARN_ABOUT_RETURN_TYPE = YES_ERROR;
				GCC_WARN_UNDECLARED_SELECTOR = YES;
				GCC_WARN_UNINITIALIZED_AUTOS = YES_AGGRESSIVE;
				GCC_WARN_UNUSED_FUNCTION = YES;
				GCC_WARN_UNUSED_VARIABLE = YES;
				IPHONEOS_DEPLOYMENT_TARGET = 11.0;
				MTL_ENABLE_DEBUG_INFO = INCLUDE_SOURCE;
				MTL_FAST_MATH = YES;
				ONLY_ACTIVE_ARCH = YES;
				SDKROOT = iphoneos;
				SWIFT_ACTIVE_COMPILATION_CONDITIONS = DEBUG;
				SWIFT_OPTIMIZATION_LEVEL = "-Onone";
			};
			name = Debug;
		};
		F9CF73E225BEBE41007F38F5 /* Release */ = {
			isa = XCBuildConfiguration;
			buildSettings = {
				ALWAYS_EMBED_SWIFT_STANDARD_LIBRARIES = "$(inherited)";
				ALWAYS_SEARCH_USER_PATHS = NO;
				CLANG_ANALYZER_NONNULL = YES;
				CLANG_ANALYZER_NUMBER_OBJECT_CONVERSION = YES_AGGRESSIVE;
				CLANG_CXX_LANGUAGE_STANDARD = "gnu++14";
				CLANG_CXX_LIBRARY = "libc++";
				CLANG_ENABLE_MODULES = YES;
				CLANG_ENABLE_OBJC_ARC = YES;
				CLANG_ENABLE_OBJC_WEAK = YES;
				CLANG_WARN_BLOCK_CAPTURE_AUTORELEASING = YES;
				CLANG_WARN_BOOL_CONVERSION = YES;
				CLANG_WARN_COMMA = YES;
				CLANG_WARN_CONSTANT_CONVERSION = YES;
				CLANG_WARN_DEPRECATED_OBJC_IMPLEMENTATIONS = YES;
				CLANG_WARN_DIRECT_OBJC_ISA_USAGE = YES_ERROR;
				CLANG_WARN_DOCUMENTATION_COMMENTS = YES;
				CLANG_WARN_EMPTY_BODY = YES;
				CLANG_WARN_ENUM_CONVERSION = YES;
				CLANG_WARN_INFINITE_RECURSION = YES;
				CLANG_WARN_INT_CONVERSION = YES;
				CLANG_WARN_NON_LITERAL_NULL_CONVERSION = YES;
				CLANG_WARN_OBJC_IMPLICIT_RETAIN_SELF = YES;
				CLANG_WARN_OBJC_LITERAL_CONVERSION = YES;
				CLANG_WARN_OBJC_ROOT_CLASS = YES_ERROR;
				CLANG_WARN_QUOTED_INCLUDE_IN_FRAMEWORK_HEADER = YES;
				CLANG_WARN_RANGE_LOOP_ANALYSIS = YES;
				CLANG_WARN_STRICT_PROTOTYPES = YES;
				CLANG_WARN_SUSPICIOUS_MOVE = YES;
				CLANG_WARN_UNGUARDED_AVAILABILITY = YES_AGGRESSIVE;
				CLANG_WARN_UNREACHABLE_CODE = YES;
				CLANG_WARN__DUPLICATE_METHOD_MATCH = YES;
				COPY_PHASE_STRIP = NO;
				DEBUG_INFORMATION_FORMAT = "dwarf-with-dsym";
				ENABLE_NS_ASSERTIONS = NO;
				ENABLE_STRICT_OBJC_MSGSEND = YES;
				GCC_C_LANGUAGE_STANDARD = gnu11;
				GCC_NO_COMMON_BLOCKS = YES;
				GCC_WARN_64_TO_32_BIT_CONVERSION = YES;
				GCC_WARN_ABOUT_RETURN_TYPE = YES_ERROR;
				GCC_WARN_UNDECLARED_SELECTOR = YES;
				GCC_WARN_UNINITIALIZED_AUTOS = YES_AGGRESSIVE;
				GCC_WARN_UNUSED_FUNCTION = YES;
				GCC_WARN_UNUSED_VARIABLE = YES;
				IPHONEOS_DEPLOYMENT_TARGET = 11.0;
				MTL_ENABLE_DEBUG_INFO = NO;
				MTL_FAST_MATH = YES;
				SDKROOT = iphoneos;
				SWIFT_COMPILATION_MODE = wholemodule;
				SWIFT_OPTIMIZATION_LEVEL = "-O";
				VALIDATE_PRODUCT = YES;
			};
			name = Release;
		};
		F9CF73E425BEBE41007F38F5 /* Debug */ = {
			isa = XCBuildConfiguration;
			baseConfigurationReference = F538D51AA95F3565C1804DAD /* Pods-ChatApp.debug.xcconfig */;
			buildSettings = {
				ALWAYS_EMBED_SWIFT_STANDARD_LIBRARIES = "$(inherited)";
				ASSETCATALOG_COMPILER_APPICON_NAME = AppIcon;
				ASSETCATALOG_COMPILER_GLOBAL_ACCENT_COLOR_NAME = AccentColor;
				CODE_SIGN_STYLE = Automatic;
				INFOPLIST_FILE = ChatApp/Info.plist;
				IPHONEOS_DEPLOYMENT_TARGET = 11.0;
				LD_RUNPATH_SEARCH_PATHS = (
					"$(inherited)",
					"@executable_path/Frameworks",
				);
				PRODUCT_BUNDLE_IDENTIFIER = com.cody.kalvin.ChatApp;
				PRODUCT_NAME = "$(TARGET_NAME)";
				SWIFT_VERSION = 5.0;
				TARGETED_DEVICE_FAMILY = "1,2";
			};
			name = Debug;
		};
		F9CF73E525BEBE41007F38F5 /* Release */ = {
			isa = XCBuildConfiguration;
			baseConfigurationReference = 6DEF81046D13A1A345BEB2D5 /* Pods-ChatApp.release.xcconfig */;
			buildSettings = {
				ALWAYS_EMBED_SWIFT_STANDARD_LIBRARIES = "$(inherited)";
				ASSETCATALOG_COMPILER_APPICON_NAME = AppIcon;
				ASSETCATALOG_COMPILER_GLOBAL_ACCENT_COLOR_NAME = AccentColor;
				CODE_SIGN_STYLE = Automatic;
				INFOPLIST_FILE = ChatApp/Info.plist;
				IPHONEOS_DEPLOYMENT_TARGET = 11.0;
				LD_RUNPATH_SEARCH_PATHS = (
					"$(inherited)",
					"@executable_path/Frameworks",
				);
				PRODUCT_BUNDLE_IDENTIFIER = com.cody.kalvin.ChatApp;
				PRODUCT_NAME = "$(TARGET_NAME)";
				SWIFT_VERSION = 5.0;
				TARGETED_DEVICE_FAMILY = "1,2";
			};
			name = Release;
		};
		F9CF73E725BEBE41007F38F5 /* Debug */ = {
			isa = XCBuildConfiguration;
			baseConfigurationReference = 46F7E64414DAAF3A4F6736E9 /* Pods-ChatAppTests.debug.xcconfig */;
			buildSettings = {
				ALWAYS_EMBED_SWIFT_STANDARD_LIBRARIES = "$(inherited)";
				BUNDLE_LOADER = "$(TEST_HOST)";
				CODE_SIGN_STYLE = Automatic;
				INFOPLIST_FILE = ChatAppTests/Info.plist;
				IPHONEOS_DEPLOYMENT_TARGET = 14.3;
				LD_RUNPATH_SEARCH_PATHS = (
					"$(inherited)",
					"@executable_path/Frameworks",
					"@loader_path/Frameworks",
				);
				PRODUCT_BUNDLE_IDENTIFIER = com.cody.kalvin.ChatAppTests;
				PRODUCT_NAME = "$(TARGET_NAME)";
				SWIFT_VERSION = 5.0;
				TARGETED_DEVICE_FAMILY = "1,2";
				TEST_HOST = "$(BUILT_PRODUCTS_DIR)/ChatApp.app/ChatApp";
			};
			name = Debug;
		};
		F9CF73E825BEBE41007F38F5 /* Release */ = {
			isa = XCBuildConfiguration;
			baseConfigurationReference = A725D6FFD8DD31B90D1B0A0D /* Pods-ChatAppTests.release.xcconfig */;
			buildSettings = {
				ALWAYS_EMBED_SWIFT_STANDARD_LIBRARIES = "$(inherited)";
				BUNDLE_LOADER = "$(TEST_HOST)";
				CODE_SIGN_STYLE = Automatic;
				INFOPLIST_FILE = ChatAppTests/Info.plist;
				IPHONEOS_DEPLOYMENT_TARGET = 14.3;
				LD_RUNPATH_SEARCH_PATHS = (
					"$(inherited)",
					"@executable_path/Frameworks",
					"@loader_path/Frameworks",
				);
				PRODUCT_BUNDLE_IDENTIFIER = com.cody.kalvin.ChatAppTests;
				PRODUCT_NAME = "$(TARGET_NAME)";
				SWIFT_VERSION = 5.0;
				TARGETED_DEVICE_FAMILY = "1,2";
				TEST_HOST = "$(BUILT_PRODUCTS_DIR)/ChatApp.app/ChatApp";
			};
			name = Release;
		};
		F9CF73EA25BEBE41007F38F5 /* Debug */ = {
			isa = XCBuildConfiguration;
			baseConfigurationReference = 64C3DF79D473C7990B61D79C /* Pods-ChatApp-ChatAppUITests.debug.xcconfig */;
			buildSettings = {
				ALWAYS_EMBED_SWIFT_STANDARD_LIBRARIES = "$(inherited)";
				CODE_SIGN_STYLE = Automatic;
				INFOPLIST_FILE = ChatAppUITests/Info.plist;
				LD_RUNPATH_SEARCH_PATHS = (
					"$(inherited)",
					"@executable_path/Frameworks",
					"@loader_path/Frameworks",
				);
				PRODUCT_BUNDLE_IDENTIFIER = com.cody.kalvin.ChatAppUITests;
				PRODUCT_NAME = "$(TARGET_NAME)";
				SWIFT_VERSION = 5.0;
				TARGETED_DEVICE_FAMILY = "1,2";
				TEST_TARGET_NAME = ChatApp;
			};
			name = Debug;
		};
		F9CF73EB25BEBE41007F38F5 /* Release */ = {
			isa = XCBuildConfiguration;
			baseConfigurationReference = 5CB8D7AF70F71AA5EEB103AE /* Pods-ChatApp-ChatAppUITests.release.xcconfig */;
			buildSettings = {
				ALWAYS_EMBED_SWIFT_STANDARD_LIBRARIES = "$(inherited)";
				CODE_SIGN_STYLE = Automatic;
				INFOPLIST_FILE = ChatAppUITests/Info.plist;
				LD_RUNPATH_SEARCH_PATHS = (
					"$(inherited)",
					"@executable_path/Frameworks",
					"@loader_path/Frameworks",
				);
				PRODUCT_BUNDLE_IDENTIFIER = com.cody.kalvin.ChatAppUITests;
				PRODUCT_NAME = "$(TARGET_NAME)";
				SWIFT_VERSION = 5.0;
				TARGETED_DEVICE_FAMILY = "1,2";
				TEST_TARGET_NAME = ChatApp;
			};
			name = Release;
		};
/* End XCBuildConfiguration section */

/* Begin XCConfigurationList section */
		F9CF73B425BEBE3F007F38F5 /* Build configuration list for PBXProject "ChatApp" */ = {
			isa = XCConfigurationList;
			buildConfigurations = (
				F9CF73E125BEBE41007F38F5 /* Debug */,
				F9CF73E225BEBE41007F38F5 /* Release */,
			);
			defaultConfigurationIsVisible = 0;
			defaultConfigurationName = Release;
		};
		F9CF73E325BEBE41007F38F5 /* Build configuration list for PBXNativeTarget "ChatApp" */ = {
			isa = XCConfigurationList;
			buildConfigurations = (
				F9CF73E425BEBE41007F38F5 /* Debug */,
				F9CF73E525BEBE41007F38F5 /* Release */,
			);
			defaultConfigurationIsVisible = 0;
			defaultConfigurationName = Release;
		};
		F9CF73E625BEBE41007F38F5 /* Build configuration list for PBXNativeTarget "ChatAppTests" */ = {
			isa = XCConfigurationList;
			buildConfigurations = (
				F9CF73E725BEBE41007F38F5 /* Debug */,
				F9CF73E825BEBE41007F38F5 /* Release */,
			);
			defaultConfigurationIsVisible = 0;
			defaultConfigurationName = Release;
		};
		F9CF73E925BEBE41007F38F5 /* Build configuration list for PBXNativeTarget "ChatAppUITests" */ = {
			isa = XCConfigurationList;
			buildConfigurations = (
				F9CF73EA25BEBE41007F38F5 /* Debug */,
				F9CF73EB25BEBE41007F38F5 /* Release */,
			);
			defaultConfigurationIsVisible = 0;
			defaultConfigurationName = Release;
		};
/* End XCConfigurationList section */
	};
	rootObject = F9CF73B125BEBE3F007F38F5 /* Project object */;
}
